// !$*UTF8*$!
{
	archiveVersion = 1;
	classes = {
	};
	objectVersion = 46;
	objects = {

/* Begin PBXBuildFile section */
		C005DFD41F70453F0012027F /* AppDelegate.swift in Sources */ = {isa = PBXBuildFile; fileRef = C005DFD31F70453F0012027F /* AppDelegate.swift */; };
		C005DFD61F70453F0012027F /* ViewController.swift in Sources */ = {isa = PBXBuildFile; fileRef = C005DFD51F70453F0012027F /* ViewController.swift */; };
		C005DFD91F70453F0012027F /* Main.storyboard in Resources */ = {isa = PBXBuildFile; fileRef = C005DFD71F70453F0012027F /* Main.storyboard */; };
		C005DFDB1F70453F0012027F /* Assets.xcassets in Resources */ = {isa = PBXBuildFile; fileRef = C005DFDA1F70453F0012027F /* Assets.xcassets */; };
		C005DFDE1F70453F0012027F /* LaunchScreen.storyboard in Resources */ = {isa = PBXBuildFile; fileRef = C005DFDC1F70453F0012027F /* LaunchScreen.storyboard */; };
		C00729481F7048BD0068AF03 /* AlteracaoDadosViewController.swift in Sources */ = {isa = PBXBuildFile; fileRef = C00729471F7048BD0068AF03 /* AlteracaoDadosViewController.swift */; };
		C007294A1F7048FE0068AF03 /* AlteracaoDadosCad1ViewController.swift in Sources */ = {isa = PBXBuildFile; fileRef = C00729491F7048FE0068AF03 /* AlteracaoDadosCad1ViewController.swift */; };
		C007294C1F7049310068AF03 /* AlteracaoDadosCad2ViewController.swift in Sources */ = {isa = PBXBuildFile; fileRef = C007294B1F7049310068AF03 /* AlteracaoDadosCad2ViewController.swift */; };
		C007294E1F70496B0068AF03 /* PickerViewController.swift in Sources */ = {isa = PBXBuildFile; fileRef = C007294D1F70496B0068AF03 /* PickerViewController.swift */; };
		C00729501F70498C0068AF03 /* PickerViewPais.swift in Sources */ = {isa = PBXBuildFile; fileRef = C007294F1F70498C0068AF03 /* PickerViewPais.swift */; };
		C00729521F7049BD0068AF03 /* PickerViewTipoDoc.swift in Sources */ = {isa = PBXBuildFile; fileRef = C00729511F7049BD0068AF03 /* PickerViewTipoDoc.swift */; };
		C00729541F7049DE0068AF03 /* PickerViewUF.swift in Sources */ = {isa = PBXBuildFile; fileRef = C00729531F7049DE0068AF03 /* PickerViewUF.swift */; };
		C00729561F704A010068AF03 /* Cadastro.swift in Sources */ = {isa = PBXBuildFile; fileRef = C00729551F704A010068AF03 /* Cadastro.swift */; };
		C00729581F704A0B0068AF03 /* Cadastro1.swift in Sources */ = {isa = PBXBuildFile; fileRef = C00729571F704A0B0068AF03 /* Cadastro1.swift */; };
		C007295A1F704A130068AF03 /* Cadastro2.swift in Sources */ = {isa = PBXBuildFile; fileRef = C00729591F704A130068AF03 /* Cadastro2.swift */; };
		C007295C1F704A1F0068AF03 /* Pais.swift in Sources */ = {isa = PBXBuildFile; fileRef = C007295B1F704A1F0068AF03 /* Pais.swift */; };
		C007295E1F704A270068AF03 /* TipoDoc.swift in Sources */ = {isa = PBXBuildFile; fileRef = C007295D1F704A270068AF03 /* TipoDoc.swift */; };
		C00729601F704AA80068AF03 /* AlteracaoDadosCad1View.swift in Sources */ = {isa = PBXBuildFile; fileRef = C007295F1F704AA80068AF03 /* AlteracaoDadosCad1View.swift */; };
		C00729621F704AB10068AF03 /* AlteracaoDadosCad2View.swift in Sources */ = {isa = PBXBuildFile; fileRef = C00729611F704AB10068AF03 /* AlteracaoDadosCad2View.swift */; };
		C00729681F704DC90068AF03 /* AlteracaoDadosCad1.xib in Resources */ = {isa = PBXBuildFile; fileRef = C00729671F704DC90068AF03 /* AlteracaoDadosCad1.xib */; };
		C007296A1F704E2A0068AF03 /* AlteracaoDadosCad2.xib in Resources */ = {isa = PBXBuildFile; fileRef = C00729691F704E2A0068AF03 /* AlteracaoDadosCad2.xib */; };
/* End PBXBuildFile section */

/* Begin PBXFileReference section */
		C005DFD01F70453F0012027F /* PickerView.app */ = {isa = PBXFileReference; explicitFileType = wrapper.application; includeInIndex = 0; path = PickerView.app; sourceTree = BUILT_PRODUCTS_DIR; };
		C005DFD31F70453F0012027F /* AppDelegate.swift */ = {isa = PBXFileReference; lastKnownFileType = sourcecode.swift; path = AppDelegate.swift; sourceTree = "<group>"; };
		C005DFD51F70453F0012027F /* ViewController.swift */ = {isa = PBXFileReference; lastKnownFileType = sourcecode.swift; path = ViewController.swift; sourceTree = "<group>"; };
		C005DFD81F70453F0012027F /* Base */ = {isa = PBXFileReference; lastKnownFileType = file.storyboard; name = Base; path = Base.lproj/Main.storyboard; sourceTree = "<group>"; };
		C005DFDA1F70453F0012027F /* Assets.xcassets */ = {isa = PBXFileReference; lastKnownFileType = folder.assetcatalog; path = Assets.xcassets; sourceTree = "<group>"; };
		C005DFDD1F70453F0012027F /* Base */ = {isa = PBXFileReference; lastKnownFileType = file.storyboard; name = Base; path = Base.lproj/LaunchScreen.storyboard; sourceTree = "<group>"; };
		C005DFDF1F70453F0012027F /* Info.plist */ = {isa = PBXFileReference; lastKnownFileType = text.plist.xml; path = Info.plist; sourceTree = "<group>"; };
		C00729471F7048BD0068AF03 /* AlteracaoDadosViewController.swift */ = {isa = PBXFileReference; fileEncoding = 4; lastKnownFileType = sourcecode.swift; path = AlteracaoDadosViewController.swift; sourceTree = "<group>"; };
		C00729491F7048FE0068AF03 /* AlteracaoDadosCad1ViewController.swift */ = {isa = PBXFileReference; fileEncoding = 4; lastKnownFileType = sourcecode.swift; path = AlteracaoDadosCad1ViewController.swift; sourceTree = "<group>"; };
		C007294B1F7049310068AF03 /* AlteracaoDadosCad2ViewController.swift */ = {isa = PBXFileReference; fileEncoding = 4; lastKnownFileType = sourcecode.swift; path = AlteracaoDadosCad2ViewController.swift; sourceTree = "<group>"; };
		C007294D1F70496B0068AF03 /* PickerViewController.swift */ = {isa = PBXFileReference; fileEncoding = 4; lastKnownFileType = sourcecode.swift; path = PickerViewController.swift; sourceTree = "<group>"; };
		C007294F1F70498C0068AF03 /* PickerViewPais.swift */ = {isa = PBXFileReference; fileEncoding = 4; lastKnownFileType = sourcecode.swift; path = PickerViewPais.swift; sourceTree = "<group>"; };
		C00729511F7049BD0068AF03 /* PickerViewTipoDoc.swift */ = {isa = PBXFileReference; fileEncoding = 4; lastKnownFileType = sourcecode.swift; path = PickerViewTipoDoc.swift; sourceTree = "<group>"; };
		C00729531F7049DE0068AF03 /* PickerViewUF.swift */ = {isa = PBXFileReference; fileEncoding = 4; lastKnownFileType = sourcecode.swift; path = PickerViewUF.swift; sourceTree = "<group>"; };
		C00729551F704A010068AF03 /* Cadastro.swift */ = {isa = PBXFileReference; fileEncoding = 4; lastKnownFileType = sourcecode.swift; path = Cadastro.swift; sourceTree = "<group>"; };
		C00729571F704A0B0068AF03 /* Cadastro1.swift */ = {isa = PBXFileReference; fileEncoding = 4; lastKnownFileType = sourcecode.swift; path = Cadastro1.swift; sourceTree = "<group>"; };
		C00729591F704A130068AF03 /* Cadastro2.swift */ = {isa = PBXFileReference; fileEncoding = 4; lastKnownFileType = sourcecode.swift; path = Cadastro2.swift; sourceTree = "<group>"; };
		C007295B1F704A1F0068AF03 /* Pais.swift */ = {isa = PBXFileReference; fileEncoding = 4; lastKnownFileType = sourcecode.swift; path = Pais.swift; sourceTree = "<group>"; };
		C007295D1F704A270068AF03 /* TipoDoc.swift */ = {isa = PBXFileReference; fileEncoding = 4; lastKnownFileType = sourcecode.swift; path = TipoDoc.swift; sourceTree = "<group>"; };
		C007295F1F704AA80068AF03 /* AlteracaoDadosCad1View.swift */ = {isa = PBXFileReference; fileEncoding = 4; lastKnownFileType = sourcecode.swift; path = AlteracaoDadosCad1View.swift; sourceTree = "<group>"; };
		C00729611F704AB10068AF03 /* AlteracaoDadosCad2View.swift */ = {isa = PBXFileReference; fileEncoding = 4; lastKnownFileType = sourcecode.swift; path = AlteracaoDadosCad2View.swift; sourceTree = "<group>"; };
		C00729671F704DC90068AF03 /* AlteracaoDadosCad1.xib */ = {isa = PBXFileReference; fileEncoding = 4; lastKnownFileType = file.xib; path = AlteracaoDadosCad1.xib; sourceTree = "<group>"; };
		C00729691F704E2A0068AF03 /* AlteracaoDadosCad2.xib */ = {isa = PBXFileReference; fileEncoding = 4; lastKnownFileType = file.xib; path = AlteracaoDadosCad2.xib; sourceTree = "<group>"; };
/* End PBXFileReference section */

/* Begin PBXFrameworksBuildPhase section */
		C005DFCD1F70453F0012027F /* Frameworks */ = {
			isa = PBXFrameworksBuildPhase;
			buildActionMask = 2147483647;
			files = (
			);
			runOnlyForDeploymentPostprocessing = 0;
		};
/* End PBXFrameworksBuildPhase section */

/* Begin PBXGroup section */
		C005DFC71F70453F0012027F = {
			isa = PBXGroup;
			children = (
				C005DFD21F70453F0012027F /* PickerView */,
				C005DFD11F70453F0012027F /* Products */,
			);
			sourceTree = "<group>";
		};
		C005DFD11F70453F0012027F /* Products */ = {
			isa = PBXGroup;
			children = (
				C005DFD01F70453F0012027F /* PickerView.app */,
			);
			name = Products;
			sourceTree = "<group>";
		};
		C005DFD21F70453F0012027F /* PickerView */ = {
			isa = PBXGroup;
			children = (
				C00729461F7048730068AF03 /* PickerViews */,
				C00729451F7048690068AF03 /* Controller */,
				C00729441F7048640068AF03 /* View */,
				C00729431F70485B0068AF03 /* Model */,
				C005DFD31F70453F0012027F /* AppDelegate.swift */,
				C005DFD51F70453F0012027F /* ViewController.swift */,
				C005DFD71F70453F0012027F /* Main.storyboard */,
				C005DFDA1F70453F0012027F /* Assets.xcassets */,
				C005DFDC1F70453F0012027F /* LaunchScreen.storyboard */,
				C005DFDF1F70453F0012027F /* Info.plist */,
			);
			path = PickerView;
			sourceTree = "<group>";
		};
		C00729431F70485B0068AF03 /* Model */ = {
			isa = PBXGroup;
			children = (
				C00729551F704A010068AF03 /* Cadastro.swift */,
				C00729571F704A0B0068AF03 /* Cadastro1.swift */,
				C00729591F704A130068AF03 /* Cadastro2.swift */,
				C007295B1F704A1F0068AF03 /* Pais.swift */,
				C007295D1F704A270068AF03 /* TipoDoc.swift */,
			);
			name = Model;
			sourceTree = "<group>";
		};
		C00729441F7048640068AF03 /* View */ = {
			isa = PBXGroup;
			children = (
				C007295F1F704AA80068AF03 /* AlteracaoDadosCad1View.swift */,
				C00729611F704AB10068AF03 /* AlteracaoDadosCad2View.swift */,
				C00729671F704DC90068AF03 /* AlteracaoDadosCad1.xib */,
				C00729691F704E2A0068AF03 /* AlteracaoDadosCad2.xib */,
			);
			name = View;
			sourceTree = "<group>";
		};
		C00729451F7048690068AF03 /* Controller */ = {
			isa = PBXGroup;
			children = (
				C00729471F7048BD0068AF03 /* AlteracaoDadosViewController.swift */,
				C00729491F7048FE0068AF03 /* AlteracaoDadosCad1ViewController.swift */,
				C007294B1F7049310068AF03 /* AlteracaoDadosCad2ViewController.swift */,
			);
			name = Controller;
			sourceTree = "<group>";
		};
		C00729461F7048730068AF03 /* PickerViews */ = {
			isa = PBXGroup;
			children = (
				C007294D1F70496B0068AF03 /* PickerViewController.swift */,
				C007294F1F70498C0068AF03 /* PickerViewPais.swift */,
				C00729511F7049BD0068AF03 /* PickerViewTipoDoc.swift */,
				C00729531F7049DE0068AF03 /* PickerViewUF.swift */,
			);
			name = PickerViews;
			sourceTree = "<group>";
		};
/* End PBXGroup section */

/* Begin PBXNativeTarget section */
		C005DFCF1F70453F0012027F /* PickerView */ = {
			isa = PBXNativeTarget;
			buildConfigurationList = C005DFE21F70453F0012027F /* Build configuration list for PBXNativeTarget "PickerView" */;
			buildPhases = (
				C005DFCC1F70453F0012027F /* Sources */,
				C005DFCD1F70453F0012027F /* Frameworks */,
				C005DFCE1F70453F0012027F /* Resources */,
			);
			buildRules = (
			);
			dependencies = (
			);
			name = PickerView;
			productName = PickerView;
			productReference = C005DFD01F70453F0012027F /* PickerView.app */;
			productType = "com.apple.product-type.application";
		};
/* End PBXNativeTarget section */

/* Begin PBXProject section */
		C005DFC81F70453F0012027F /* Project object */ = {
			isa = PBXProject;
			attributes = {
				LastSwiftUpdateCheck = 0820;
				LastUpgradeCheck = 0820;
				ORGANIZATIONNAME = Jade;
				TargetAttributes = {
					C005DFCF1F70453F0012027F = {
						CreatedOnToolsVersion = 8.2.1;
						ProvisioningStyle = Automatic;
					};
				};
			};
			buildConfigurationList = C005DFCB1F70453F0012027F /* Build configuration list for PBXProject "PickerView" */;
			compatibilityVersion = "Xcode 3.2";
			developmentRegion = English;
			hasScannedForEncodings = 0;
			knownRegions = (
				en,
				Base,
			);
			mainGroup = C005DFC71F70453F0012027F;
			productRefGroup = C005DFD11F70453F0012027F /* Products */;
			projectDirPath = "";
			projectRoot = "";
			targets = (
				C005DFCF1F70453F0012027F /* PickerView */,
			);
		};
/* End PBXProject section */

/* Begin PBXResourcesBuildPhase section */
		C005DFCE1F70453F0012027F /* Resources */ = {
			isa = PBXResourcesBuildPhase;
			buildActionMask = 2147483647;
			files = (
				C005DFDE1F70453F0012027F /* LaunchScreen.storyboard in Resources */,
				C00729681F704DC90068AF03 /* AlteracaoDadosCad1.xib in Resources */,
				C007296A1F704E2A0068AF03 /* AlteracaoDadosCad2.xib in Resources */,
				C005DFDB1F70453F0012027F /* Assets.xcassets in Resources */,
				C005DFD91F70453F0012027F /* Main.storyboard in Resources */,
			);
			runOnlyForDeploymentPostprocessing = 0;
		};
/* End PBXResourcesBuildPhase section */

/* Begin PBXSourcesBuildPhase section */
		C005DFCC1F70453F0012027F /* Sources */ = {
			isa = PBXSourcesBuildPhase;
			buildActionMask = 2147483647;
			files = (
				C007294E1F70496B0068AF03 /* PickerViewController.swift in Sources */,
				C007294A1F7048FE0068AF03 /* AlteracaoDadosCad1ViewController.swift in Sources */,
				C005DFD61F70453F0012027F /* ViewController.swift in Sources */,
				C00729621F704AB10068AF03 /* AlteracaoDadosCad2View.swift in Sources */,
				C00729541F7049DE0068AF03 /* PickerViewUF.swift in Sources */,
				C007294C1F7049310068AF03 /* AlteracaoDadosCad2ViewController.swift in Sources */,
				C007295A1F704A130068AF03 /* Cadastro2.swift in Sources */,
				C007295E1F704A270068AF03 /* TipoDoc.swift in Sources */,
				C00729481F7048BD0068AF03 /* AlteracaoDadosViewController.swift in Sources */,
				C007295C1F704A1F0068AF03 /* Pais.swift in Sources */,
				C00729601F704AA80068AF03 /* AlteracaoDadosCad1View.swift in Sources */,
				C00729561F704A010068AF03 /* Cadastro.swift in Sources */,
				C00729521F7049BD0068AF03 /* PickerViewTipoDoc.swift in Sources */,
				C005DFD41F70453F0012027F /* AppDelegate.swift in Sources */,
				C00729501F70498C0068AF03 /* PickerViewPais.swift in Sources */,
				C00729581F704A0B0068AF03 /* Cadastro1.swift in Sources */,
			);
			runOnlyForDeploymentPostprocessing = 0;
		};
/* End PBXSourcesBuildPhase section */

/* Begin PBXVariantGroup section */
		C005DFD71F70453F0012027F /* Main.storyboard */ = {
			isa = PBXVariantGroup;
			children = (
				C005DFD81F70453F0012027F /* Base */,
			);
			name = Main.storyboard;
			sourceTree = "<group>";
		};
		C005DFDC1F70453F0012027F /* LaunchScreen.storyboard */ = {
			isa = PBXVariantGroup;
			children = (
				C005DFDD1F70453F0012027F /* Base */,
			);
			name = LaunchScreen.storyboard;
			sourceTree = "<group>";
		};
/* End PBXVariantGroup section */

/* Begin XCBuildConfiguration section */
		C005DFE01F70453F0012027F /* Debug */ = {
			isa = XCBuildConfiguration;
			buildSettings = {
				ALWAYS_SEARCH_USER_PATHS = NO;
				CLANG_ANALYZER_NONNULL = YES;
				CLANG_CXX_LANGUAGE_STANDARD = "gnu++0x";
				CLANG_CXX_LIBRARY = "libc++";
				CLANG_ENABLE_MODULES = YES;
				CLANG_ENABLE_OBJC_ARC = YES;
				CLANG_WARN_BOOL_CONVERSION = YES;
				CLANG_WARN_CONSTANT_CONVERSION = YES;
				CLANG_WARN_DIRECT_OBJC_ISA_USAGE = YES_ERROR;
				CLANG_WARN_DOCUMENTATION_COMMENTS = YES;
				CLANG_WARN_EMPTY_BODY = YES;
				CLANG_WARN_ENUM_CONVERSION = YES;
				CLANG_WARN_INFINITE_RECURSION = YES;
				CLANG_WARN_INT_CONVERSION = YES;
				CLANG_WARN_OBJC_ROOT_CLASS = YES_ERROR;
				CLANG_WARN_SUSPICIOUS_MOVE = YES;
				CLANG_WARN_UNREACHABLE_CODE = YES;
				CLANG_WARN__DUPLICATE_METHOD_MATCH = YES;
				"CODE_SIGN_IDENTITY[sdk=iphoneos*]" = "iPhone Developer";
				COPY_PHASE_STRIP = NO;
				DEBUG_INFORMATION_FORMAT = dwarf;
				ENABLE_STRICT_OBJC_MSGSEND = YES;
				ENABLE_TESTABILITY = YES;
				GCC_C_LANGUAGE_STANDARD = gnu99;
				GCC_DYNAMIC_NO_PIC = NO;
				GCC_NO_COMMON_BLOCKS = YES;
				GCC_OPTIMIZATION_LEVEL = 0;
				GCC_PREPROCESSOR_DEFINITIONS = (
					"DEBUG=1",
					"$(inherited)",
				);
				GCC_WARN_64_TO_32_BIT_CONVERSION = YES;
				GCC_WARN_ABOUT_RETURN_TYPE = YES_ERROR;
				GCC_WARN_UNDECLARED_SELECTOR = YES;
				GCC_WARN_UNINITIALIZED_AUTOS = YES_AGGRESSIVE;
				GCC_WARN_UNUSED_FUNCTION = YES;
				GCC_WARN_UNUSED_VARIABLE = YES;
				IPHONEOS_DEPLOYMENT_TARGET = 10.2;
				MTL_ENABLE_DEBUG_INFO = YES;
				ONLY_ACTIVE_ARCH = YES;
				SDKROOT = iphoneos;
				SWIFT_ACTIVE_COMPILATION_CONDITIONS = DEBUG;
				SWIFT_OPTIMIZATION_LEVEL = "-Onone";
			};
			name = Debug;
		};
		C005DFE11F70453F0012027F /* Release */ = {
			isa = XCBuildConfiguration;
			buildSettings = {
				ALWAYS_SEARCH_USER_PATHS = NO;
				CLANG_ANALYZER_NONNULL = YES;
				CLANG_CXX_LANGUAGE_STANDARD = "gnu++0x";
				CLANG_CXX_LIBRARY = "libc++";
				CLANG_ENABLE_MODULES = YES;
				CLANG_ENABLE_OBJC_ARC = YES;
				CLANG_WARN_BOOL_CONVERSION = YES;
				CLANG_WARN_CONSTANT_CONVERSION = YES;
				CLANG_WARN_DIRECT_OBJC_ISA_USAGE = YES_ERROR;
				CLANG_WARN_DOCUMENTATION_COMMENTS = YES;
				CLANG_WARN_EMPTY_BODY = YES;
				CLANG_WARN_ENUM_CONVERSION = YES;
				CLANG_WARN_INFINITE_RECURSION = YES;
				CLANG_WARN_INT_CONVERSION = YES;
				CLANG_WARN_OBJC_ROOT_CLASS = YES_ERROR;
				CLANG_WARN_SUSPICIOUS_MOVE = YES;
				CLANG_WARN_UNREACHABLE_CODE = YES;
				CLANG_WARN__DUPLICATE_METHOD_MATCH = YES;
				"CODE_SIGN_IDENTITY[sdk=iphoneos*]" = "iPhone Developer";
				COPY_PHASE_STRIP = NO;
				DEBUG_INFORMATION_FORMAT = "dwarf-with-dsym";
				ENABLE_NS_ASSERTIONS = NO;
				ENABLE_STRICT_OBJC_MSGSEND = YES;
				GCC_C_LANGUAGE_STANDARD = gnu99;
				GCC_NO_COMMON_BLOCKS = YES;
				GCC_WARN_64_TO_32_BIT_CONVERSION = YES;
				GCC_WARN_ABOUT_RETURN_TYPE = YES_ERROR;
				GCC_WARN_UNDECLARED_SELECTOR = YES;
				GCC_WARN_UNINITIALIZED_AUTOS = YES_AGGRESSIVE;
				GCC_WARN_UNUSED_FUNCTION = YES;
				GCC_WARN_UNUSED_VARIABLE = YES;
				IPHONEOS_DEPLOYMENT_TARGET = 10.2;
				MTL_ENABLE_DEBUG_INFO = NO;
				SDKROOT = iphoneos;
				SWIFT_OPTIMIZATION_LEVEL = "-Owholemodule";
				VALIDATE_PRODUCT = YES;
			};
			name = Release;
		};
		C005DFE31F70453F0012027F /* Debug */ = {
			isa = XCBuildConfiguration;
			buildSettings = {
				ASSETCATALOG_COMPILER_APPICON_NAME = AppIcon;
				INFOPLIST_FILE = PickerView/Info.plist;
				LD_RUNPATH_SEARCH_PATHS = "$(inherited) @executable_path/Frameworks";
				PRODUCT_BUNDLE_IDENTIFIER = com.gmail.jadecs8.PickerView;
				PRODUCT_NAME = "$(TARGET_NAME)";
				SWIFT_VERSION = 3.0;
			};
			name = Debug;
		};
		C005DFE41F70453F0012027F /* Release */ = {
			isa = XCBuildConfiguration;
			buildSettings = {
				ASSETCATALOG_COMPILER_APPICON_NAME = AppIcon;
				INFOPLIST_FILE = PickerView/Info.plist;
				LD_RUNPATH_SEARCH_PATHS = "$(inherited) @executable_path/Frameworks";
				PRODUCT_BUNDLE_IDENTIFIER = com.gmail.jadecs8.PickerView;
				PRODUCT_NAME = "$(TARGET_NAME)";
				SWIFT_VERSION = 3.0;
			};
			name = Release;
		};
/* End XCBuildConfiguration section */

/* Begin XCConfigurationList section */
		C005DFCB1F70453F0012027F /* Build configuration list for PBXProject "PickerView" */ = {
			isa = XCConfigurationList;
			buildConfigurations = (
				C005DFE01F70453F0012027F /* Debug */,
				C005DFE11F70453F0012027F /* Release */,
			);
			defaultConfigurationIsVisible = 0;
			defaultConfigurationName = Release;
		};
		C005DFE21F70453F0012027F /* Build configuration list for PBXNativeTarget "PickerView" */ = {
			isa = XCConfigurationList;
			buildConfigurations = (
				C005DFE31F70453F0012027F /* Debug */,
				C005DFE41F70453F0012027F /* Release */,
			);
			defaultConfigurationIsVisible = 0;
			defaultConfigurationName = Release;
		};
/* End XCConfigurationList section */
	};
	rootObject = C005DFC81F70453F0012027F /* Project object */;
}
